{
	"name": "@drayman/framework-template",
	"version": "1.0.0-alpha.63",
	"lockfileVersion": 2,
	"requires": true,
	"packages": {
		"": {
			"name": "@drayman/framework-template",
			"version": "1.0.0-alpha.63",
			"devDependencies": {
				"@types/node": "16.4.13",
				"typescript": "~4.1.5"
			}
		},
		"node_modules/@types/node": {
			"version": "16.4.13",
			"resolved": "https://registry.npmjs.org/@types/node/-/node-16.4.13.tgz",
			"integrity": "sha512-bLL69sKtd25w7p1nvg9pigE4gtKVpGTPojBFLMkGHXuUgap2sLqQt2qUnqmVCDfzGUL0DRNZP+1prIZJbMeAXg==",
			"dev": true
		},
		"node_modules/typescript": {
			"version": "4.1.5",
			"resolved": "https://registry.npmjs.org/typescript/-/typescript-4.1.5.tgz",
			"integrity": "sha512-6OSu9PTIzmn9TCDiovULTnET6BgXtDYL4Gg4szY+cGsc3JP1dQL8qvE8kShTRx1NIw4Q9IBHlwODjkjWEtMUyA==",
			"dev": true,
			"bin": {
				"tsc": "bin/tsc",
				"tsserver": "bin/tsserver"
			},
			"engines": {
				"node": ">=4.2.0"
			}
		}
	},
	"dependencies": {
		"@types/node": {
			"version": "16.4.13",
			"resolved": "https://registry.npmjs.org/@types/node/-/node-16.4.13.tgz",
			"integrity": "sha512-bLL69sKtd25w7p1nvg9pigE4gtKVpGTPojBFLMkGHXuUgap2sLqQt2qUnqmVCDfzGUL0DRNZP+1prIZJbMeAXg==",
			"dev": true
		},
		"typescript": {
			"version": "4.1.5",
			"resolved": "https://registry.npmjs.org/typescript/-/typescript-4.1.5.tgz",
			"integrity": "sha512-6OSu9PTIzmn9TCDiovULTnET6BgXtDYL4Gg4szY+cGsc3JP1dQL8qvE8kShTRx1NIw4Q9IBHlwODjkjWEtMUyA==",
			"dev": true
		}
	}
}
